{
  "name": "0r8-starter",
  "version": "1.0.0",
  "lockfileVersion": 3,
  "requires": true,
  "packages": {
    "": {
      "name": "0r8-starter",
      "version": "1.0.0",
      "license": "MIT",
      "bin": {
        "0r8": "term.js",
        "0r8-term": "term.js",
        "observer": "core/observer/cli.js"
      },
      "engines": {
        "node": ">=18.0.0"
      }
    }
  }
}
